// !$*UTF8*$!
{
	archiveVersion = 1;
	classes = {
	};
	objectVersion = 46;
	objects = {

/* Begin PBXBuildFile section */
		18D51D1C1C62CED700B488E3 /* AppDelegate.swift in Sources */ = {isa = PBXBuildFile; fileRef = 18D51D1B1C62CED700B488E3 /* AppDelegate.swift */; };
		18D51D1E1C62CED700B488E3 /* ViewController.swift in Sources */ = {isa = PBXBuildFile; fileRef = 18D51D1D1C62CED700B488E3 /* ViewController.swift */; };
		18D51D211C62CED700B488E3 /* Main.storyboard in Resources */ = {isa = PBXBuildFile; fileRef = 18D51D1F1C62CED700B488E3 /* Main.storyboard */; };
		18D51D231C62CED700B488E3 /* Assets.xcassets in Resources */ = {isa = PBXBuildFile; fileRef = 18D51D221C62CED700B488E3 /* Assets.xcassets */; };
		18D51D261C62CED700B488E3 /* LaunchScreen.storyboard in Resources */ = {isa = PBXBuildFile; fileRef = 18D51D241C62CED700B488E3 /* LaunchScreen.storyboard */; };
		18D51D2E1C62D86A00B488E3 /* FeedViewController.swift in Sources */ = {isa = PBXBuildFile; fileRef = 18D51D2D1C62D86A00B488E3 /* FeedViewController.swift */; };
		18D51D301C62DB8C00B488E3 /* FriendsViewController.swift in Sources */ = {isa = PBXBuildFile; fileRef = 18D51D2F1C62DB8C00B488E3 /* FriendsViewController.swift */; };
		18D51D321C62DCE300B488E3 /* MessagesViewController.swift in Sources */ = {isa = PBXBuildFile; fileRef = 18D51D311C62DCE300B488E3 /* MessagesViewController.swift */; };
		18D51D341C62DEC300B488E3 /* MoreViewController.swift in Sources */ = {isa = PBXBuildFile; fileRef = 18D51D331C62DEC300B488E3 /* MoreViewController.swift */; };
		18D51D361C62E01C00B488E3 /* NotificationsViewController.swift in Sources */ = {isa = PBXBuildFile; fileRef = 18D51D351C62E01C00B488E3 /* NotificationsViewController.swift */; };
		18D51D381C62E32000B488E3 /* DetailsViewController.swift in Sources */ = {isa = PBXBuildFile; fileRef = 18D51D371C62E32000B488E3 /* DetailsViewController.swift */; };
/* End PBXBuildFile section */

/* Begin PBXFileReference section */
		18D51D181C62CED700B488E3 /* facebook.app */ = {isa = PBXFileReference; explicitFileType = wrapper.application; includeInIndex = 0; path = facebook.app; sourceTree = BUILT_PRODUCTS_DIR; };
		18D51D1B1C62CED700B488E3 /* AppDelegate.swift */ = {isa = PBXFileReference; lastKnownFileType = sourcecode.swift; path = AppDelegate.swift; sourceTree = "<group>"; };
		18D51D1D1C62CED700B488E3 /* ViewController.swift */ = {isa = PBXFileReference; lastKnownFileType = sourcecode.swift; path = ViewController.swift; sourceTree = "<group>"; };
		18D51D201C62CED700B488E3 /* Base */ = {isa = PBXFileReference; lastKnownFileType = file.storyboard; name = Base; path = Base.lproj/Main.storyboard; sourceTree = "<group>"; };
		18D51D221C62CED700B488E3 /* Assets.xcassets */ = {isa = PBXFileReference; lastKnownFileType = folder.assetcatalog; path = Assets.xcassets; sourceTree = "<group>"; };
		18D51D251C62CED700B488E3 /* Base */ = {isa = PBXFileReference; lastKnownFileType = file.storyboard; name = Base; path = Base.lproj/LaunchScreen.storyboard; sourceTree = "<group>"; };
		18D51D271C62CED700B488E3 /* Info.plist */ = {isa = PBXFileReference; lastKnownFileType = text.plist.xml; path = Info.plist; sourceTree = "<group>"; };
		18D51D2D1C62D86A00B488E3 /* FeedViewController.swift */ = {isa = PBXFileReference; fileEncoding = 4; lastKnownFileType = sourcecode.swift; path = FeedViewController.swift; sourceTree = "<group>"; };
		18D51D2F1C62DB8C00B488E3 /* FriendsViewController.swift */ = {isa = PBXFileReference; fileEncoding = 4; lastKnownFileType = sourcecode.swift; path = FriendsViewController.swift; sourceTree = "<group>"; };
		18D51D311C62DCE300B488E3 /* MessagesViewController.swift */ = {isa = PBXFileReference; fileEncoding = 4; lastKnownFileType = sourcecode.swift; path = MessagesViewController.swift; sourceTree = "<group>"; };
		18D51D331C62DEC300B488E3 /* MoreViewController.swift */ = {isa = PBXFileReference; fileEncoding = 4; lastKnownFileType = sourcecode.swift; path = MoreViewController.swift; sourceTree = "<group>"; };
		18D51D351C62E01C00B488E3 /* NotificationsViewController.swift */ = {isa = PBXFileReference; fileEncoding = 4; lastKnownFileType = sourcecode.swift; path = NotificationsViewController.swift; sourceTree = "<group>"; };
		18D51D371C62E32000B488E3 /* DetailsViewController.swift */ = {isa = PBXFileReference; fileEncoding = 4; lastKnownFileType = sourcecode.swift; name = DetailsViewController.swift; path = ../DetailsViewController.swift; sourceTree = "<group>"; };
/* End PBXFileReference section */

/* Begin PBXFrameworksBuildPhase section */
		18D51D151C62CED700B488E3 /* Frameworks */ = {
			isa = PBXFrameworksBuildPhase;
			buildActionMask = 2147483647;
			files = (
			);
			runOnlyForDeploymentPostprocessing = 0;
		};
/* End PBXFrameworksBuildPhase section */

/* Begin PBXGroup section */
		18D51D0F1C62CED700B488E3 = {
			isa = PBXGroup;
			children = (
				18D51D1A1C62CED700B488E3 /* facebook */,
				18D51D191C62CED700B488E3 /* Products */,
			);
			sourceTree = "<group>";
		};
		18D51D191C62CED700B488E3 /* Products */ = {
			isa = PBXGroup;
			children = (
				18D51D181C62CED700B488E3 /* facebook.app */,
			);
			name = Products;
			sourceTree = "<group>";
		};
		18D51D1A1C62CED700B488E3 /* facebook */ = {
			isa = PBXGroup;
			children = (
				18D51D371C62E32000B488E3 /* DetailsViewController.swift */,
				18D51D1B1C62CED700B488E3 /* AppDelegate.swift */,
				18D51D1D1C62CED700B488E3 /* ViewController.swift */,
				18D51D1F1C62CED700B488E3 /* Main.storyboard */,
				18D51D2F1C62DB8C00B488E3 /* FriendsViewController.swift */,
				18D51D311C62DCE300B488E3 /* MessagesViewController.swift */,
				18D51D331C62DEC300B488E3 /* MoreViewController.swift */,
				18D51D351C62E01C00B488E3 /* NotificationsViewController.swift */,
				18D51D2D1C62D86A00B488E3 /* FeedViewController.swift */,
				18D51D221C62CED700B488E3 /* Assets.xcassets */,
				18D51D241C62CED700B488E3 /* LaunchScreen.storyboard */,
				18D51D271C62CED700B488E3 /* Info.plist */,
			);
			path = facebook;
			sourceTree = "<group>";
		};
/* End PBXGroup section */

/* Begin PBXNativeTarget section */
		18D51D171C62CED700B488E3 /* facebook */ = {
			isa = PBXNativeTarget;
			buildConfigurationList = 18D51D2A1C62CED700B488E3 /* Build configuration list for PBXNativeTarget "facebook" */;
			buildPhases = (
				18D51D141C62CED700B488E3 /* Sources */,
				18D51D151C62CED700B488E3 /* Frameworks */,
				18D51D161C62CED700B488E3 /* Resources */,
			);
			buildRules = (
			);
			dependencies = (
			);
			name = facebook;
			productName = facebook;
			productReference = 18D51D181C62CED700B488E3 /* facebook.app */;
			productType = "com.apple.product-type.application";
		};
/* End PBXNativeTarget section */

/* Begin PBXProject section */
		18D51D101C62CED700B488E3 /* Project object */ = {
			isa = PBXProject;
			attributes = {
				LastSwiftUpdateCheck = 0720;
				LastUpgradeCheck = 0720;
				ORGANIZATIONNAME = "Diana Nedkova";
				TargetAttributes = {
					18D51D171C62CED700B488E3 = {
						CreatedOnToolsVersion = 7.2;
					};
				};
			};
			buildConfigurationList = 18D51D131C62CED700B488E3 /* Build configuration list for PBXProject "facebook" */;
			compatibilityVersion = "Xcode 3.2";
			developmentRegion = English;
			hasScannedForEncodings = 0;
			knownRegions = (
				en,
				Base,
			);
			mainGroup = 18D51D0F1C62CED700B488E3;
			productRefGroup = 18D51D191C62CED700B488E3 /* Products */;
			projectDirPath = "";
			projectRoot = "";
			targets = (
				18D51D171C62CED700B488E3 /* facebook */,
			);
		};
/* End PBXProject section */

/* Begin PBXResourcesBuildPhase section */
		18D51D161C62CED700B488E3 /* Resources */ = {
			isa = PBXResourcesBuildPhase;
			buildActionMask = 2147483647;
			files = (
				18D51D261C62CED700B488E3 /* LaunchScreen.storyboard in Resources */,
				18D51D231C62CED700B488E3 /* Assets.xcassets in Resources */,
				18D51D211C62CED700B488E3 /* Main.storyboard in Resources */,
			);
			runOnlyForDeploymentPostprocessing = 0;
		};
/* End PBXResourcesBuildPhase section */

/* Begin PBXSourcesBuildPhase section */
		18D51D141C62CED700B488E3 /* Sources */ = {
			isa = PBXSourcesBuildPhase;
			buildActionMask = 2147483647;
			files = (
				18D51D321C62DCE300B488E3 /* MessagesViewController.swift in Sources */,
				18D51D301C62DB8C00B488E3 /* FriendsViewController.swift in Sources */,
				18D51D1E1C62CED700B488E3 /* ViewController.swift in Sources */,
				18D51D381C62E32000B488E3 /* DetailsViewController.swift in Sources */,
				18D51D341C62DEC300B488E3 /* MoreViewController.swift in Sources */,
				18D51D2E1C62D86A00B488E3 /* FeedViewController.swift in Sources */,
				18D51D361C62E01C00B488E3 /* NotificationsViewController.swift in Sources */,
				18D51D1C1C62CED700B488E3 /* AppDelegate.swift in Sources */,
			);
			runOnlyForDeploymentPostprocessing = 0;
		};
/* End PBXSourcesBuildPhase section */

/* Begin PBXVariantGroup section */
		18D51D1F1C62CED700B488E3 /* Main.storyboard */ = {
			isa = PBXVariantGroup;
			children = (
				18D51D201C62CED700B488E3 /* Base */,
			);
			name = Main.storyboard;
			sourceTree = "<group>";
		};
		18D51D241C62CED700B488E3 /* LaunchScreen.storyboard */ = {
			isa = PBXVariantGroup;
			children = (
				18D51D251C62CED700B488E3 /* Base */,
			);
			name = LaunchScreen.storyboard;
			sourceTree = "<group>";
		};
/* End PBXVariantGroup section */

/* Begin XCBuildConfiguration section */
		18D51D281C62CED700B488E3 /* Debug */ = {
			isa = XCBuildConfiguration;
			buildSettings = {
				ALWAYS_SEARCH_USER_PATHS = NO;
				CLANG_CXX_LANGUAGE_STANDARD = "gnu++0x";
				CLANG_CXX_LIBRARY = "libc++";
				CLANG_ENABLE_MODULES = YES;
				CLANG_ENABLE_OBJC_ARC = YES;
				CLANG_WARN_BOOL_CONVERSION = YES;
				CLANG_WARN_CONSTANT_CONVERSION = YES;
				CLANG_WARN_DIRECT_OBJC_ISA_USAGE = YES_ERROR;
				CLANG_WARN_EMPTY_BODY = YES;
				CLANG_WARN_ENUM_CONVERSION = YES;
				CLANG_WARN_INT_CONVERSION = YES;
				CLANG_WARN_OBJC_ROOT_CLASS = YES_ERROR;
				CLANG_WARN_UNREACHABLE_CODE = YES;
				CLANG_WARN__DUPLICATE_METHOD_MATCH = YES;
				"CODE_SIGN_IDENTITY[sdk=iphoneos*]" = "iPhone Developer";
				COPY_PHASE_STRIP = NO;
				DEBUG_INFORMATION_FORMAT = dwarf;
				ENABLE_STRICT_OBJC_MSGSEND = YES;
				ENABLE_TESTABILITY = YES;
				GCC_C_LANGUAGE_STANDARD = gnu99;
				GCC_DYNAMIC_NO_PIC = NO;
				GCC_NO_COMMON_BLOCKS = YES;
				GCC_OPTIMIZATION_LEVEL = 0;
				GCC_PREPROCESSOR_DEFINITIONS = (
					"DEBUG=1",
					"$(inherited)",
				);
				GCC_WARN_64_TO_32_BIT_CONVERSION = YES;
				GCC_WARN_ABOUT_RETURN_TYPE = YES_ERROR;
				GCC_WARN_UNDECLARED_SELECTOR = YES;
				GCC_WARN_UNINITIALIZED_AUTOS = YES_AGGRESSIVE;
				GCC_WARN_UNUSED_FUNCTION = YES;
				GCC_WARN_UNUSED_VARIABLE = YES;
				IPHONEOS_DEPLOYMENT_TARGET = 9.2;
				MTL_ENABLE_DEBUG_INFO = YES;
				ONLY_ACTIVE_ARCH = YES;
				SDKROOT = iphoneos;
				SWIFT_OPTIMIZATION_LEVEL = "-Onone";
			};
			name = Debug;
		};
		18D51D291C62CED700B488E3 /* Release */ = {
			isa = XCBuildConfiguration;
			buildSettings = {
				ALWAYS_SEARCH_USER_PATHS = NO;
				CLANG_CXX_LANGUAGE_STANDARD = "gnu++0x";
				CLANG_CXX_LIBRARY = "libc++";
				CLANG_ENABLE_MODULES = YES;
				CLANG_ENABLE_OBJC_ARC = YES;
				CLANG_WARN_BOOL_CONVERSION = YES;
				CLANG_WARN_CONSTANT_CONVERSION = YES;
				CLANG_WARN_DIRECT_OBJC_ISA_USAGE = YES_ERROR;
				CLANG_WARN_EMPTY_BODY = YES;
				CLANG_WARN_ENUM_CONVERSION = YES;
				CLANG_WARN_INT_CONVERSION = YES;
				CLANG_WARN_OBJC_ROOT_CLASS = YES_ERROR;
				CLANG_WARN_UNREACHABLE_CODE = YES;
				CLANG_WARN__DUPLICATE_METHOD_MATCH = YES;
				"CODE_SIGN_IDENTITY[sdk=iphoneos*]" = "iPhone Developer";
				COPY_PHASE_STRIP = NO;
				DEBUG_INFORMATION_FORMAT = "dwarf-with-dsym";
				ENABLE_NS_ASSERTIONS = NO;
				ENABLE_STRICT_OBJC_MSGSEND = YES;
				GCC_C_LANGUAGE_STANDARD = gnu99;
				GCC_NO_COMMON_BLOCKS = YES;
				GCC_WARN_64_TO_32_BIT_CONVERSION = YES;
				GCC_WARN_ABOUT_RETURN_TYPE = YES_ERROR;
				GCC_WARN_UNDECLARED_SELECTOR = YES;
				GCC_WARN_UNINITIALIZED_AUTOS = YES_AGGRESSIVE;
				GCC_WARN_UNUSED_FUNCTION = YES;
				GCC_WARN_UNUSED_VARIABLE = YES;
				IPHONEOS_DEPLOYMENT_TARGET = 9.2;
				MTL_ENABLE_DEBUG_INFO = NO;
				SDKROOT = iphoneos;
				VALIDATE_PRODUCT = YES;
			};
			name = Release;
		};
		18D51D2B1C62CED700B488E3 /* Debug */ = {
			isa = XCBuildConfiguration;
			buildSettings = {
				ASSETCATALOG_COMPILER_APPICON_NAME = AppIcon;
				INFOPLIST_FILE = facebook/Info.plist;
				LD_RUNPATH_SEARCH_PATHS = "$(inherited) @executable_path/Frameworks";
				PRODUCT_BUNDLE_IDENTIFIER = com.diana.facebook;
				PRODUCT_NAME = "$(TARGET_NAME)";
			};
			name = Debug;
		};
		18D51D2C1C62CED700B488E3 /* Release */ = {
			isa = XCBuildConfiguration;
			buildSettings = {
				ASSETCATALOG_COMPILER_APPICON_NAME = AppIcon;
				INFOPLIST_FILE = facebook/Info.plist;
				LD_RUNPATH_SEARCH_PATHS = "$(inherited) @executable_path/Frameworks";
				PRODUCT_BUNDLE_IDENTIFIER = com.diana.facebook;
				PRODUCT_NAME = "$(TARGET_NAME)";
			};
			name = Release;
		};
/* End XCBuildConfiguration section */

/* Begin XCConfigurationList section */
		18D51D131C62CED700B488E3 /* Build configuration list for PBXProject "facebook" */ = {
			isa = XCConfigurationList;
			buildConfigurations = (
				18D51D281C62CED700B488E3 /* Debug */,
				18D51D291C62CED700B488E3 /* Release */,
			);
			defaultConfigurationIsVisible = 0;
			defaultConfigurationName = Release;
		};
		18D51D2A1C62CED700B488E3 /* Build configuration list for PBXNativeTarget "facebook" */ = {
			isa = XCConfigurationList;
			buildConfigurations = (
				18D51D2B1C62CED700B488E3 /* Debug */,
				18D51D2C1C62CED700B488E3 /* Release */,
			);
			defaultConfigurationIsVisible = 0;
		};
/* End XCConfigurationList section */
	};
	rootObject = 18D51D101C62CED700B488E3 /* Project object */;
}
